{
  "version": 4,
  "terraform_version": "1.12.2",
  "serial": 12,
  "lineage": "c933e379-2a12-e20c-15ad-52f64c34e576",
  "outputs": {},
  "resources": [
    {
      "mode": "managed",
      "type": "google_artifact_registry_repository",
      "name": "producer_repo",
      "provider": "provider[\"registry.terraform.io/hashicorp/google\"]",
      "instances": [
        {
          "schema_version": 0,
          "attributes": {
            "cleanup_policies": [],
            "cleanup_policy_dry_run": false,
            "create_time": "2025-06-30T13:47:44.762699Z",
            "description": "",
            "docker_config": [],
            "effective_labels": {
              "goog-terraform-provisioned": "true"
            },
            "format": "DOCKER",
            "id": "projects/footballfixtures/locations/asia-southeast1/repositories/football-producer-repo",
            "kms_key_name": "",
            "labels": {},
            "location": "asia-southeast1",
            "maven_config": [],
            "mode": "STANDARD_REPOSITORY",
            "name": "football-producer-repo",
            "project": "footballfixtures",
            "remote_repository_config": [],
            "repository_id": "football-producer-repo",
            "terraform_labels": {
              "goog-terraform-provisioned": "true"
            },
            "timeouts": null,
            "update_time": "2025-06-30T15:40:28.006191Z",
            "virtual_repository_config": [],
            "vulnerability_scanning_config": [
              {
                "enablement_config": "",
                "enablement_state": "SCANNING_DISABLED",
                "enablement_state_reason": "API containerscanning.googleapis.com is not enabled."
              }
            ]
          },
          "sensitive_attributes": [],
          "identity_schema_version": 0,
          "private": "eyJlMmJmYjczMC1lY2FhLTExZTYtOGY4OC0zNDM2M2JjN2M0YzAiOnsiY3JlYXRlIjoxMjAwMDAwMDAwMDAwLCJkZWxldGUiOjEyMDAwMDAwMDAwMDAsInVwZGF0ZSI6MTIwMDAwMDAwMDAwMH19"
        }
      ]
    },
    {
      "mode": "managed",
      "type": "google_bigquery_dataset",
      "name": "football_dataset",
      "provider": "provider[\"registry.terraform.io/hashicorp/google\"]",
      "instances": [
        {
          "schema_version": 0,
          "attributes": {
            "access": [
              {
                "condition": [],
                "dataset": [],
                "domain": "",
                "group_by_email": "",
                "iam_member": "",
                "role": "OWNER",
                "routine": [],
                "special_group": "",
                "user_by_email": "ida.bagus862@gmail.com",
                "view": []
              },
              {
                "condition": [],
                "dataset": [],
                "domain": "",
                "group_by_email": "",
                "iam_member": "",
                "role": "OWNER",
                "routine": [],
                "special_group": "projectOwners",
                "user_by_email": "",
                "view": []
              },
              {
                "condition": [],
                "dataset": [],
                "domain": "",
                "group_by_email": "",
                "iam_member": "",
                "role": "READER",
                "routine": [],
                "special_group": "projectReaders",
                "user_by_email": "",
                "view": []
              },
              {
                "condition": [],
                "dataset": [],
                "domain": "",
                "group_by_email": "",
                "iam_member": "",
                "role": "WRITER",
                "routine": [],
                "special_group": "projectWriters",
                "user_by_email": "",
                "view": []
              }
            ],
            "creation_time": 1751291254023,
            "dataset_id": "football_dataset",
            "default_collation": "",
            "default_encryption_configuration": [],
            "default_partition_expiration_ms": 0,
            "default_table_expiration_ms": 0,
            "delete_contents_on_destroy": false,
            "description": "",
            "effective_labels": {
              "goog-terraform-provisioned": "true"
            },
            "etag": "bpK7d/RNnPizRFtPZxlAag==",
            "external_catalog_dataset_options": [],
            "external_dataset_reference": [],
            "friendly_name": "",
            "id": "projects/footballfixtures/datasets/football_dataset",
            "is_case_insensitive": false,
            "labels": {},
            "last_modified_time": 1751291254023,
            "location": "asia-southeast1",
            "max_time_travel_hours": "168",
            "project": "footballfixtures",
            "resource_tags": {},
            "self_link": "https://bigquery.googleapis.com/bigquery/v2/projects/footballfixtures/datasets/football_dataset",
            "storage_billing_model": "",
            "terraform_labels": {
              "goog-terraform-provisioned": "true"
            },
            "timeouts": null
          },
          "sensitive_attributes": [],
          "identity_schema_version": 0,
          "private": "eyJlMmJmYjczMC1lY2FhLTExZTYtOGY4OC0zNDM2M2JjN2M0YzAiOnsiY3JlYXRlIjoxMjAwMDAwMDAwMDAwLCJkZWxldGUiOjEyMDAwMDAwMDAwMDAsInVwZGF0ZSI6MTIwMDAwMDAwMDAwMH19"
        }
      ]
    },
    {
      "mode": "managed",
      "type": "google_bigquery_table",
      "name": "live_match_events",
      "provider": "provider[\"registry.terraform.io/hashicorp/google\"]",
      "instances": [
        {
          "schema_version": 0,
          "attributes": {
            "biglake_configuration": [],
            "clustering": null,
            "creation_time": 1751291257941,
            "dataset_id": "football_dataset",
            "deletion_protection": true,
            "description": "",
            "effective_labels": {
              "goog-terraform-provisioned": "true"
            },
            "encryption_configuration": [],
            "etag": "nMeliRTs/tApGeo/618hUw==",
            "expiration_time": 0,
            "external_catalog_table_options": [],
            "external_data_configuration": [],
            "friendly_name": "",
            "id": "projects/footballfixtures/datasets/football_dataset/tables/live_match_events",
            "labels": {},
            "last_modified_time": 1751291258024,
            "location": "asia-southeast1",
            "materialized_view": [],
            "max_staleness": "",
            "num_bytes": 0,
            "num_long_term_bytes": 0,
            "num_rows": 0,
            "project": "footballfixtures",
            "range_partitioning": [],
            "require_partition_filter": false,
            "resource_tags": {},
            "schema": "[{\"mode\":\"NULLABLE\",\"name\":\"fixture_id\",\"type\":\"INTEGER\"},{\"mode\":\"NULLABLE\",\"name\":\"event_time\",\"type\":\"INTEGER\"},{\"mode\":\"NULLABLE\",\"name\":\"team_name\",\"type\":\"STRING\"},{\"mode\":\"NULLABLE\",\"name\":\"player_name\",\"type\":\"STRING\"},{\"mode\":\"NULLABLE\",\"name\":\"event_type\",\"type\":\"STRING\"},{\"mode\":\"NULLABLE\",\"name\":\"detail\",\"type\":\"STRING\"}]",
            "schema_foreign_type_info": [],
            "self_link": "https://bigquery.googleapis.com/bigquery/v2/projects/footballfixtures/datasets/football_dataset/tables/live_match_events",
            "table_constraints": [],
            "table_id": "live_match_events",
            "table_metadata_view": null,
            "table_replication_info": [],
            "terraform_labels": {
              "goog-terraform-provisioned": "true"
            },
            "time_partitioning": [],
            "type": "TABLE",
            "view": []
          },
          "sensitive_attributes": [],
          "identity_schema_version": 0,
          "private": "bnVsbA==",
          "dependencies": [
            "google_bigquery_dataset.football_dataset"
          ]
        }
      ]
    },
    {
      "mode": "managed",
      "type": "google_compute_firewall",
      "name": "allow_kafka",
      "provider": "provider[\"registry.terraform.io/hashicorp/google\"]",
      "instances": [
        {
          "schema_version": 1,
          "attributes": {
            "allow": [
              {
                "ports": [
                  "22",
                  "9092",
                  "2181",
                  "8081"
                ],
                "protocol": "tcp"
              }
            ],
            "creation_timestamp": "2025-06-30T06:47:34.483-07:00",
            "deny": [],
            "description": "",
            "destination_ranges": [],
            "direction": "INGRESS",
            "disabled": false,
            "enable_logging": null,
            "id": "projects/footballfixtures/global/firewalls/allow-kafka-ports",
            "log_config": [],
            "name": "allow-kafka-ports",
            "network": "https://www.googleapis.com/compute/v1/projects/footballfixtures/global/networks/default",
            "priority": 1000,
            "project": "footballfixtures",
            "self_link": "https://www.googleapis.com/compute/v1/projects/footballfixtures/global/firewalls/allow-kafka-ports",
            "source_ranges": [
              "0.0.0.0/0"
            ],
            "source_service_accounts": [],
            "source_tags": [],
            "target_service_accounts": [],
            "target_tags": [],
            "timeouts": null
          },
          "sensitive_attributes": [],
          "identity_schema_version": 0,
          "private": "eyJlMmJmYjczMC1lY2FhLTExZTYtOGY4OC0zNDM2M2JjN2M0YzAiOnsiY3JlYXRlIjoxMjAwMDAwMDAwMDAwLCJkZWxldGUiOjEyMDAwMDAwMDAwMDAsInVwZGF0ZSI6MTIwMDAwMDAwMDAwMH0sInNjaGVtYV92ZXJzaW9uIjoiMSJ9"
        }
      ]
    },
    {
      "mode": "managed",
      "type": "google_compute_instance",
      "name": "kafka_vm",
      "provider": "provider[\"registry.terraform.io/hashicorp/google\"]",
      "instances": [
        {
          "schema_version": 6,
          "attributes": {
            "advanced_machine_features": [],
            "allow_stopping_for_update": null,
            "attached_disk": [],
            "boot_disk": [
              {
                "auto_delete": true,
                "device_name": "persistent-disk-0",
                "disk_encryption_key_raw": "",
                "disk_encryption_key_rsa": "",
                "disk_encryption_key_sha256": "",
                "disk_encryption_service_account": "",
                "force_attach": false,
                "guest_os_features": [
                  "UEFI_COMPATIBLE",
                  "VIRTIO_SCSI_MULTIQUEUE",
                  "GVNIC"
                ],
                "initialize_params": [
                  {
                    "architecture": "X86_64",
                    "enable_confidential_compute": false,
                    "image": "https://www.googleapis.com/compute/v1/projects/debian-cloud/global/images/debian-11-bullseye-v20250610",
                    "labels": {},
                    "provisioned_iops": 0,
                    "provisioned_throughput": 0,
                    "resource_manager_tags": {},
                    "resource_policies": [],
                    "size": 20,
                    "snapshot": "",
                    "source_image_encryption_key": [],
                    "source_snapshot_encryption_key": [],
                    "storage_pool": "",
                    "type": "pd-standard"
                  }
                ],
                "interface": "",
                "kms_key_self_link": "",
                "mode": "READ_WRITE",
                "source": "https://www.googleapis.com/compute/v1/projects/footballfixtures/zones/asia-southeast1-a/disks/kafka-schema-registry-server"
              }
            ],
            "can_ip_forward": false,
            "confidential_instance_config": [],
            "cpu_platform": "Intel Broadwell",
            "creation_timestamp": "2025-06-30T06:47:42.528-07:00",
            "current_status": "RUNNING",
            "deletion_protection": false,
            "description": "",
            "desired_status": null,
            "effective_labels": {
              "goog-terraform-provisioned": "true"
            },
            "enable_display": false,
            "guest_accelerator": [],
            "hostname": "",
            "id": "projects/footballfixtures/zones/asia-southeast1-a/instances/kafka-schema-registry-server",
            "instance_encryption_key": [],
            "instance_id": "7970052281746795414",
            "key_revocation_action_type": "",
            "label_fingerprint": "vezUS-42LLM=",
            "labels": {},
            "machine_type": "e2-standard-2",
            "metadata": {},
            "metadata_fingerprint": "VotPimnX7cY=",
            "metadata_startup_script": "#!/bin/bash\n# Increase file descriptor limit\nsudo sysctl -w fs.file-max=100000\n\n# Install Java\nsudo apt-get update\nsudo apt-get install -y openjdk-11-jre\n\n# Download and Extract Confluent Community Edition\nwget https://packages.confluent.io/archive/7.5/confluent-community-7.5.0.tar.gz\ntar -xzf confluent-community-7.5.0.tar.gz\nsudo mv confluent-7.5.0 /opt/confluent\n\n# Create a systemd service for Zookeeper\ncat \u003c\u003cEOT | sudo tee /etc/systemd/system/zookeeper.service\n[Unit]\nDescription=Apache Zookeeper server\nRequires=network.target remote-fs.target\nAfter=network.target remote-fs.target\n\n[Service]\nType=simple\nUser=root\nExecStart=/opt/confluent/bin/zookeeper-server-start /opt/confluent/etc/kafka/zookeeper.properties\nExecStop=/opt/confluent/bin/zookeeper-server-stop\nRestart=on-abnormal\n\n[Install]\nWantedBy=multi-user.target\nEOT\n\n# Create a systemd service for Kafka\ncat \u003c\u003cEOT | sudo tee /etc/systemd/system/kafka.service\n[Unit]\nDescription=Apache Kafka Server\nRequires=zookeeper.service\nAfter=zookeeper.service\n\n[Service]\nType=simple\nUser=root\nExecStart=/opt/confluent/bin/kafka-server-start /opt/confluent/etc/kafka/server.properties\nExecStop=/opt/confluent/bin/kafka-server-stop\nRestart=on-abnormal\n\n[Install]\nWantedBy=multi-user.target\nEOT\n\n# Create a systemd service for Schema Registry\ncat \u003c\u003cEOT | sudo tee /etc/systemd/system/schema-registry.service\n[Unit]\nDescription=Confluent Schema Registry\nRequires=kafka.service\nAfter=kafka.service\n\n[Service]\nType=simple\nUser=root\nExecStart=/opt/confluent/bin/schema-registry-start /opt/confluent/etc/schema-registry/schema-registry.properties\nExecStop=/opt/confluent/bin/schema-registry-stop\nRestart=on-abnormal\n\n[Install]\nWantedBy=multi-user.target\nEOT\n\n# Start the services\nsudo systemctl start zookeeper\nsudo systemctl start kafka\nsudo systemctl start schema-registry\n\n# Enable them to start on boot\nsudo systemctl enable zookeeper\nsudo systemctl enable kafka\nsudo systemctl enable schema-registry",
            "min_cpu_platform": "",
            "name": "kafka-schema-registry-server",
            "network_interface": [
              {
                "access_config": [
                  {
                    "nat_ip": "35.247.177.245",
                    "network_tier": "PREMIUM",
                    "public_ptr_domain_name": ""
                  }
                ],
                "alias_ip_range": [],
                "internal_ipv6_prefix_length": 0,
                "ipv6_access_config": [],
                "ipv6_access_type": "",
                "ipv6_address": "",
                "name": "nic0",
                "network": "https://www.googleapis.com/compute/v1/projects/footballfixtures/global/networks/default",
                "network_attachment": "",
                "network_ip": "10.148.0.2",
                "nic_type": "",
                "queue_count": 0,
                "stack_type": "IPV4_ONLY",
                "subnetwork": "https://www.googleapis.com/compute/v1/projects/footballfixtures/regions/asia-southeast1/subnetworks/default",
                "subnetwork_project": "footballfixtures"
              }
            ],
            "network_performance_config": [],
            "params": [],
            "project": "footballfixtures",
            "reservation_affinity": [],
            "resource_policies": [],
            "scheduling": [
              {
                "automatic_restart": true,
                "availability_domain": 0,
                "instance_termination_action": "",
                "local_ssd_recovery_timeout": [],
                "max_run_duration": [],
                "min_node_cpus": 0,
                "node_affinities": [],
                "on_host_maintenance": "MIGRATE",
                "on_instance_stop_action": [],
                "preemptible": false,
                "provisioning_model": "STANDARD",
                "termination_time": ""
              }
            ],
            "scratch_disk": [],
            "self_link": "https://www.googleapis.com/compute/v1/projects/footballfixtures/zones/asia-southeast1-a/instances/kafka-schema-registry-server",
            "service_account": [],
            "shielded_instance_config": [
              {
                "enable_integrity_monitoring": true,
                "enable_secure_boot": false,
                "enable_vtpm": true
              }
            ],
            "tags": [
              "kafka"
            ],
            "tags_fingerprint": "wyGY5uVw8b4=",
            "terraform_labels": {
              "goog-terraform-provisioned": "true"
            },
            "timeouts": null,
            "zone": "asia-southeast1-a"
          },
          "sensitive_attributes": [
            [
              {
                "type": "get_attr",
                "value": "boot_disk"
              },
              {
                "type": "index",
                "value": {
                  "value": 0,
                  "type": "number"
                }
              },
              {
                "type": "get_attr",
                "value": "disk_encryption_key_raw"
              }
            ],
            [
              {
                "type": "get_attr",
                "value": "boot_disk"
              },
              {
                "type": "index",
                "value": {
                  "value": 0,
                  "type": "number"
                }
              },
              {
                "type": "get_attr",
                "value": "disk_encryption_key_rsa"
              }
            ]
          ],
          "identity_schema_version": 0,
          "private": "eyJlMmJmYjczMC1lY2FhLTExZTYtOGY4OC0zNDM2M2JjN2M0YzAiOnsiY3JlYXRlIjoxMjAwMDAwMDAwMDAwLCJkZWxldGUiOjEyMDAwMDAwMDAwMDAsInVwZGF0ZSI6MTIwMDAwMDAwMDAwMH0sInNjaGVtYV92ZXJzaW9uIjoiNiJ9"
        }
      ]
    },
    {
      "mode": "managed",
      "type": "google_dataproc_cluster",
      "name": "spark_cluster",
      "provider": "provider[\"registry.terraform.io/hashicorp/google\"]",
      "instances": [
        {
          "schema_version": 1,
          "attributes": {
            "cluster_config": [
              {
                "autoscaling_config": [],
                "auxiliary_node_groups": [],
                "bucket": "dataproc-staging-asia-southeast1-206917254959-jinopvby",
                "dataproc_metric_config": [],
                "encryption_config": [],
                "endpoint_config": [
                  {
                    "enable_http_port_access": false,
                    "http_ports": {}
                  }
                ],
                "gce_cluster_config": [
                  {
                    "confidential_instance_config": [],
                    "internal_ip_only": false,
                    "metadata": {},
                    "network": "https://www.googleapis.com/compute/v1/projects/footballfixtures/global/networks/default",
                    "node_group_affinity": [],
                    "reservation_affinity": [],
                    "service_account": "",
                    "service_account_scopes": [
                      "https://www.googleapis.com/auth/cloud-platform"
                    ],
                    "shielded_instance_config": [
                      {
                        "enable_integrity_monitoring": true,
                        "enable_secure_boot": true,
                        "enable_vtpm": true
                      }
                    ],
                    "subnetwork": "",
                    "tags": [],
                    "zone": "asia-southeast1-c"
                  }
                ],
                "initialization_action": [],
                "lifecycle_config": [],
                "master_config": [
                  {
                    "accelerators": [],
                    "disk_config": [
                      {
                        "boot_disk_size_gb": 1000,
                        "boot_disk_type": "pd-standard",
                        "local_ssd_interface": "",
                        "num_local_ssds": 0
                      }
                    ],
                    "image_uri": "https://www.googleapis.com/compute/v1/projects/cloud-dataproc/global/images/dataproc-2-1-deb11-20250615-165100-rc01",
                    "instance_names": [
                      "spark-football-cluster-m"
                    ],
                    "machine_type": "e2-standard-4",
                    "min_cpu_platform": "AUTOMATIC",
                    "num_instances": 1
                  }
                ],
                "metastore_config": [],
                "preemptible_worker_config": [
                  {
                    "disk_config": [
                      {
                        "boot_disk_size_gb": null,
                        "boot_disk_type": null,
                        "local_ssd_interface": null,
                        "num_local_ssds": null
                      }
                    ],
                    "instance_flexibility_policy": [
                      {
                        "instance_selection_list": [],
                        "instance_selection_results": [],
                        "provisioning_model_mix": []
                      }
                    ],
                    "instance_names": [],
                    "num_instances": 0,
                    "preemptibility": ""
                  }
                ],
                "security_config": [],
                "software_config": [
                  {
                    "image_version": "2.1.92-debian11",
                    "optional_components": [],
                    "override_properties": {},
                    "properties": {
                      "capacity-scheduler:yarn.scheduler.capacity.root.default.ordering-policy": "fair",
                      "core:fs.gs.block.size": "134217728",
                      "core:fs.gs.metadata.cache.enable": "false",
                      "core:hadoop.ssl.enabled.protocols": "TLSv1,TLSv1.1,TLSv1.2",
                      "distcp:mapreduce.map.java.opts": "-Xmx768m",
                      "distcp:mapreduce.map.memory.mb": "1024",
                      "distcp:mapreduce.reduce.java.opts": "-Xmx768m",
                      "distcp:mapreduce.reduce.memory.mb": "1024",
                      "hadoop-env:HADOOP_DATANODE_OPTS": "-Xmx512m",
                      "hdfs:dfs.datanode.address": "0.0.0.0:9866",
                      "hdfs:dfs.datanode.http.address": "0.0.0.0:9864",
                      "hdfs:dfs.datanode.https.address": "0.0.0.0:9865",
                      "hdfs:dfs.datanode.ipc.address": "0.0.0.0:9867",
                      "hdfs:dfs.namenode.handler.count": "20",
                      "hdfs:dfs.namenode.http-address": "0.0.0.0:9870",
                      "hdfs:dfs.namenode.https-address": "0.0.0.0:9871",
                      "hdfs:dfs.namenode.lifeline.rpc-address": "spark-football-cluster-m:8050",
                      "hdfs:dfs.namenode.secondary.http-address": "0.0.0.0:9868",
                      "hdfs:dfs.namenode.secondary.https-address": "0.0.0.0:9869",
                      "hdfs:dfs.namenode.service.handler.count": "10",
                      "hdfs:dfs.namenode.servicerpc-address": "spark-football-cluster-m:8051",
                      "mapred-env:HADOOP_JOB_HISTORYSERVER_HEAPSIZE": "4000",
                      "mapred:mapreduce.job.maps": "21",
                      "mapred:mapreduce.job.reduce.slowstart.completedmaps": "0.95",
                      "mapred:mapreduce.job.reduces": "7",
                      "mapred:mapreduce.jobhistory.recovery.store.class": "org.apache.hadoop.mapreduce.v2.hs.HistoryServerLeveldbStateStoreService",
                      "mapred:mapreduce.map.cpu.vcores": "1",
                      "mapred:mapreduce.map.java.opts": "-Xmx2708m",
                      "mapred:mapreduce.map.memory.mb": "3386",
                      "mapred:mapreduce.reduce.cpu.vcores": "1",
                      "mapred:mapreduce.reduce.java.opts": "-Xmx2708m",
                      "mapred:mapreduce.reduce.memory.mb": "3386",
                      "mapred:mapreduce.task.io.sort.mb": "256",
                      "mapred:yarn.app.mapreduce.am.command-opts": "-Xmx2708m",
                      "mapred:yarn.app.mapreduce.am.resource.cpu-vcores": "1",
                      "mapred:yarn.app.mapreduce.am.resource.mb": "3386",
                      "spark-env:SPARK_DAEMON_MEMORY": "4000m",
                      "spark:spark.driver.maxResultSize": "2048m",
                      "spark:spark.driver.memory": "4096m",
                      "spark:spark.executor.cores": "2",
                      "spark:spark.executor.instances": "2",
                      "spark:spark.executor.memory": "6157m",
                      "spark:spark.executorEnv.OPENBLAS_NUM_THREADS": "1",
                      "spark:spark.plugins.defaultList": "com.google.cloud.dataproc.DataprocSparkPlugin",
                      "spark:spark.scheduler.mode": "FAIR",
                      "spark:spark.sql.cbo.enabled": "true",
                      "spark:spark.sql.optimizer.runtime.bloomFilter.join.pattern.enabled": "true",
                      "spark:spark.ui.port": "0",
                      "spark:spark.yarn.am.memory": "640m",
                      "yarn-env:YARN_NODEMANAGER_HEAPSIZE": "1638",
                      "yarn-env:YARN_RESOURCEMANAGER_HEAPSIZE": "4000",
                      "yarn-env:YARN_TIMELINESERVER_HEAPSIZE": "4000",
                      "yarn:yarn.nodemanager.address": "0.0.0.0:8026",
                      "yarn:yarn.nodemanager.resource.cpu-vcores": "4",
                      "yarn:yarn.nodemanager.resource.memory-mb": "13544",
                      "yarn:yarn.resourcemanager.decommissioning-nodes-watcher.decommission-if-no-shuffle-data": "true",
                      "yarn:yarn.resourcemanager.nodemanager-graceful-decommission-timeout-secs": "86400",
                      "yarn:yarn.scheduler.maximum-allocation-mb": "13544",
                      "yarn:yarn.scheduler.minimum-allocation-mb": "1"
                    }
                  }
                ],
                "staging_bucket": "",
                "temp_bucket": "dataproc-temp-asia-southeast1-206917254959-avmvzibk",
                "worker_config": [
                  {
                    "accelerators": [],
                    "disk_config": [
                      {
                        "boot_disk_size_gb": 1000,
                        "boot_disk_type": "pd-standard",
                        "local_ssd_interface": "",
                        "num_local_ssds": 0
                      }
                    ],
                    "image_uri": "https://www.googleapis.com/compute/v1/projects/cloud-dataproc/global/images/dataproc-2-1-deb11-20250615-165100-rc01",
                    "instance_names": [
                      "spark-football-cluster-w-0",
                      "spark-football-cluster-w-1"
                    ],
                    "machine_type": "e2-standard-4",
                    "min_cpu_platform": "AUTOMATIC",
                    "min_num_instances": 0,
                    "num_instances": 2
                  }
                ]
              }
            ],
            "effective_labels": {
              "goog-dataproc-autozone": "enabled",
              "goog-dataproc-cluster-name": "spark-football-cluster",
              "goog-dataproc-cluster-uuid": "d7c44c51-38b2-4910-a63c-2ff45bb29513",
              "goog-dataproc-drz-resource-uuid": "cluster-d7c44c51-38b2-4910-a63c-2ff45bb29513",
              "goog-dataproc-location": "asia-southeast1"
            },
            "graceful_decommission_timeout": "0s",
            "id": "projects/footballfixtures/regions/asia-southeast1/clusters/spark-football-cluster",
            "labels": {},
            "name": "spark-football-cluster",
            "project": "footballfixtures",
            "region": "asia-southeast1",
            "terraform_labels": {},
            "timeouts": null,
            "virtual_cluster_config": []
          },
          "sensitive_attributes": [],
          "identity_schema_version": 0,
          "private": "eyJlMmJmYjczMC1lY2FhLTExZTYtOGY4OC0zNDM2M2JjN2M0YzAiOnsiY3JlYXRlIjoyNzAwMDAwMDAwMDAwLCJkZWxldGUiOjI3MDAwMDAwMDAwMDAsInVwZGF0ZSI6MjcwMDAwMDAwMDAwMH0sInNjaGVtYV92ZXJzaW9uIjoiMSJ9"
        }
      ]
    },
    {
      "mode": "managed",
      "type": "google_storage_bucket",
      "name": "pipeline_assets",
      "provider": "provider[\"registry.terraform.io/hashicorp/google\"]",
      "instances": [
        {
          "schema_version": 3,
          "attributes": {
            "autoclass": [],
            "cors": [],
            "custom_placement_config": [],
            "default_event_based_hold": false,
            "effective_labels": {
              "goog-terraform-provisioned": "true"
            },
            "enable_object_retention": false,
            "encryption": [],
            "force_destroy": true,
            "hierarchical_namespace": [
              {
                "enabled": false
              }
            ],
            "id": "footballfixtures-data-pipeline-assets",
            "ip_filter": [],
            "labels": null,
            "lifecycle_rule": [],
            "location": "ASIA-SOUTHEAST1",
            "logging": [],
            "name": "footballfixtures-data-pipeline-assets",
            "project": "footballfixtures",
            "project_number": 206917254959,
            "public_access_prevention": "inherited",
            "requester_pays": false,
            "retention_policy": [],
            "rpo": null,
            "self_link": "https://www.googleapis.com/storage/v1/b/footballfixtures-data-pipeline-assets",
            "soft_delete_policy": [
              {
                "effective_time": "2025-06-30T15:45:04.796Z",
                "retention_duration_seconds": 604800
              }
            ],
            "storage_class": "STANDARD",
            "terraform_labels": {
              "goog-terraform-provisioned": "true"
            },
            "time_created": "2025-06-30T15:45:04.796Z",
            "timeouts": null,
            "uniform_bucket_level_access": false,
            "updated": "2025-06-30T15:45:04.796Z",
            "url": "gs://footballfixtures-data-pipeline-assets",
            "versioning": [],
            "website": []
          },
          "sensitive_attributes": [],
          "identity_schema_version": 0,
          "private": "eyJlMmJmYjczMC1lY2FhLTExZTYtOGY4OC0zNDM2M2JjN2M0YzAiOnsiY3JlYXRlIjo2MDAwMDAwMDAwMDAsInJlYWQiOjI0MDAwMDAwMDAwMCwidXBkYXRlIjoyNDAwMDAwMDAwMDB9LCJzY2hlbWFfdmVyc2lvbiI6IjMifQ=="
        }
      ]
    },
    {
      "mode": "managed",
      "type": "google_storage_bucket",
      "name": "pipeline_bucket",
      "provider": "provider[\"registry.terraform.io/hashicorp/google\"]",
      "instances": [
        {
          "schema_version": 3,
          "attributes": {
            "autoclass": [],
            "cors": [],
            "custom_placement_config": [],
            "default_event_based_hold": false,
            "effective_labels": {
              "goog-terraform-provisioned": "true"
            },
            "enable_object_retention": false,
            "encryption": [],
            "force_destroy": true,
            "hierarchical_namespace": [
              {
                "enabled": false
              }
            ],
            "id": "footballfixtures-football-pipeline-bucket",
            "ip_filter": [],
            "labels": {},
            "lifecycle_rule": [],
            "location": "ASIA-SOUTHEAST1",
            "logging": [],
            "name": "footballfixtures-football-pipeline-bucket",
            "project": "footballfixtures",
            "project_number": 206917254959,
            "public_access_prevention": "inherited",
            "requester_pays": false,
            "retention_policy": [],
            "rpo": null,
            "self_link": "https://www.googleapis.com/storage/v1/b/footballfixtures-football-pipeline-bucket",
            "soft_delete_policy": [
              {
                "effective_time": "2025-06-30T13:47:35.001Z",
                "retention_duration_seconds": 604800
              }
            ],
            "storage_class": "STANDARD",
            "terraform_labels": {
              "goog-terraform-provisioned": "true"
            },
            "time_created": "2025-06-30T13:47:35.001Z",
            "timeouts": null,
            "uniform_bucket_level_access": false,
            "updated": "2025-06-30T13:47:35.001Z",
            "url": "gs://footballfixtures-football-pipeline-bucket",
            "versioning": [],
            "website": []
          },
          "sensitive_attributes": [],
          "identity_schema_version": 0,
          "private": "eyJlMmJmYjczMC1lY2FhLTExZTYtOGY4OC0zNDM2M2JjN2M0YzAiOnsiY3JlYXRlIjo2MDAwMDAwMDAwMDAsInJlYWQiOjI0MDAwMDAwMDAwMCwidXBkYXRlIjoyNDAwMDAwMDAwMDB9LCJzY2hlbWFfdmVyc2lvbiI6IjMifQ=="
        }
      ]
    }
  ],
  "check_results": null
}
